
Microsoft Visual Studio Solution File, Format Version 12.00
# Visual Studio Version 17
VisualStudioVersion = 17.13.35931.197 d17.13
MinimumVisualStudioVersion = 10.0.40219.1
Project("{FAE04EC0-301F-11D3-BF4B-00C04F79EFBC}") = "HelloWorld", "HelloWorld\HelloWorld.csproj", "{B85DE26E-1623-43DA-A4E6-B8021A1DADBB}"
EndProject
Global
	GlobalSection(SolutionConfigurationPlatforms) = preSolution
		Debug|Any CPU = Debug|Any CPU
		Release|Any CPU = Release|Any CPU
	EndGlobalSection
	GlobalSection(ProjectConfigurationPlatforms) = postSolution
		{B85DE26E-1623-43DA-A4E6-B8021A1DADBB}.Debug|Any CPU.ActiveCfg = Debug|Any CPU
		{B85DE26E-1623-43DA-A4E6-B8021A1DADBB}.Debug|Any CPU.Build.0 = Debug|Any CPU
		{B85DE26E-1623-43DA-A4E6-B8021A1DADBB}.Release|Any CPU.ActiveCfg = Release|Any CPU
		{B85DE26E-1623-43DA-A4E6-B8021A1DADBB}.Release|Any CPU.Build.0 = Release|Any CPU
	EndGlobalSection
	GlobalSection(SolutionProperties) = preSolution
		HideSolutionNode = FALSE
	EndGlobalSection
	GlobalSection(ExtensibilityGlobals) = postSolution
		SolutionGuid = {6CFEA16A-9042-4B85-B509-FC05C118D916}
	EndGlobalSection
EndGlobal
